{
  "lockfileVersion": 1,
  "configVersion": 1,
  "workspaces": {
    "": {
      "name": "memory-service",
      "dependencies": {
        "@anthropic-ai/sdk": "^0.95.1",
        "@hono/zod-validator": "^0.7.6",
        "hono": "^4.5.0",
        "openai": "^6.37.0",
        "voyageai": "^0.2.1",
        "wink-bm25-text-search": "^3.1.2",
        "zod": "^3.23.0",
      },
      "devDependencies": {
        "bun-types": "^1.1.0",
      },
    },
  },
  "packages": {
    "@anthropic-ai/sdk": ["@anthropic-ai/sdk@0.95.1", "", { "dependencies": { "json-schema-to-ts": "^3.1.1", "standardwebhooks": "^1.0.0" }, "peerDependencies": { "zod": "^3.25.0 || ^4.0.0" }, "optionalPeers": ["zod"], "bin": { "anthropic-ai-sdk": "bin/cli" } }, "sha512-OO9AF7hmAoU492c/mD7Q2cPqI2WNAj7rAPHlawgBeUgpwiboLRiDs+grsErGWeHHP9ZRWfzq2OVrODTt8aITVg=="],

    "@babel/runtime": ["@babel/runtime@7.29.2", "", {}, "sha512-JiDShH45zKHWyGe4ZNVRrCjBz8Nh9TMmZG1kh4QTK8hCBTWBi8Da+i7s1fJw7/lYpM4ccepSNfqzZ/QvABBi5g=="],

    "@hono/zod-validator": ["@hono/zod-validator@0.7.6", "", { "peerDependencies": { "hono": ">=3.9.0", "zod": "^3.25.0 || ^4.0.0" } }, "sha512-Io1B6d011Gj1KknV4rXYz4le5+5EubcWEU/speUjuw9XMMIaP3n78yXLhjd2A3PXaXaUwEAluOiAyLqhBEJgsw=="],

    "@stablelib/base64": ["@stablelib/base64@1.0.1", "", {}, "sha512-1bnPQqSxSuc3Ii6MhBysoWCg58j97aUjuCSZrGSmDxNqtytIi0k8utUenAwTZN4V5mXXYGsVUI9zeBqy+jBOSQ=="],

    "@types/node": ["@types/node@25.6.2", "", { "dependencies": { "undici-types": "~7.19.0" } }, "sha512-sokuT28dxf9JT5Kady1fsXOvI4HVpjZa95NKT5y9PNTIrs2AsobR4GFAA90ZG8M+nxVRLysCXsVj6eGC7Vbrlw=="],

    "bun-types": ["bun-types@1.3.13", "", { "dependencies": { "@types/node": "*" } }, "sha512-QXKeHLlOLqQX9LgYaHJfzdBaV21T63HhFJnvuRCcjZiaUDpbs5ED1MgxbMra71CsryN/1dAoXuJJJwIv/2drVA=="],

    "emoji-regex": ["emoji-regex@9.2.2", "", {}, "sha512-L18DaJsXSUk2+42pv8mLs5jJT2hqFkFE4j21wOmgbUqsZ2hL72NsUU785g9RXgo3s0ZNgVl42TiHp3ZtOv/Vyg=="],

    "fast-sha256": ["fast-sha256@1.3.0", "", {}, "sha512-n11RGP/lrWEFI/bWdygLxhI+pVeo1ZYIVwvvPkW7azl/rOy+F3HYRZ2K5zeE9mmkhQppyv9sQFx0JM9UabnpPQ=="],

    "hono": ["hono@4.12.18", "", {}, "sha512-RWzP96k/yv0PQfyXnWjs6zot20TqfpfsNXhOnev8d1InAxubW93L11/oNUc3tQqn2G0bSdAOBpX+2uDFHV7kdQ=="],

    "json-schema-to-ts": ["json-schema-to-ts@3.1.1", "", { "dependencies": { "@babel/runtime": "^7.18.3", "ts-algebra": "^2.0.0" } }, "sha512-+DWg8jCJG2TEnpy7kOm/7/AxaYoaRbjVB4LFZLySZlWn8exGs3A4OLJR966cVvU26N7X9TWxl+Jsw7dzAqKT6g=="],

    "node-fetch": ["node-fetch@2.7.0", "", { "dependencies": { "whatwg-url": "^5.0.0" }, "peerDependencies": { "encoding": "^0.1.0" }, "optionalPeers": ["encoding"] }, "sha512-c4FRfUm/dbcWZ7U+1Wq0AwCyFL+3nt2bEw05wfxSz+DWpWsitgmSgYmy2dQdWyKC1694ELPqMs/YzUSNozLt8A=="],

    "openai": ["openai@6.37.0", "", { "peerDependencies": { "ws": "^8.18.0", "zod": "^3.25 || ^4.0" }, "optionalPeers": ["ws", "zod"], "bin": { "openai": "bin/cli" } }, "sha512-0H5dEGFmmLv6KSd0W1w2nyL8WsLkX6yoLeQpU+dZAOuGcany5qkYQMmj35ZrKgb6yiyYqpUzFOpR8mZQkgqeEQ=="],

    "standardwebhooks": ["standardwebhooks@1.0.0", "", { "dependencies": { "@stablelib/base64": "^1.0.0", "fast-sha256": "^1.3.0" } }, "sha512-BbHGOQK9olHPMvQNHWul6MYlrRTAOKn03rOe4A8O3CLWhNf4YHBqq2HJKKC+sfqpxiBY52pNeesD6jIiLDz8jg=="],

    "tr46": ["tr46@0.0.3", "", {}, "sha512-N3WMsuqV66lT30CrXNbEjx4GEwlow3v6rr4mCcv6prnfwhS01rkgyFdjPNBYd9br7LpXV1+Emh01fHnq2Gdgrw=="],

    "ts-algebra": ["ts-algebra@2.0.0", "", {}, "sha512-FPAhNPFMrkwz76P7cdjdmiShwMynZYN6SgOujD1urY4oNm80Ou9oMdmbR45LotcKOXoy7wSmHkRFE6Mxbrhefw=="],

    "undici-types": ["undici-types@7.19.2", "", {}, "sha512-qYVnV5OEm2AW8cJMCpdV20CDyaN3g0AjDlOGf1OW4iaDEx8MwdtChUp4zu4H0VP3nDRF/8RKWH+IPp9uW0YGZg=="],

    "voyageai": ["voyageai@0.2.1", "", { "dependencies": { "node-fetch": "^2.7.0" }, "peerDependencies": { "@huggingface/transformers": "^3.8.0", "onnxruntime-node": ">=1.17.0" }, "optionalPeers": ["@huggingface/transformers", "onnxruntime-node"] }, "sha512-ym7Dk6p8Si6lR9wDh58EzxwT0ziD/pqXjzzzceOSySO3Ic3uosHZLOTAsb3Gq+1OaKdEMnni/p8TohKUNvLTkg=="],

    "webidl-conversions": ["webidl-conversions@3.0.1", "", {}, "sha512-2JAn3z8AR6rjK8Sm8orRC0h/bcl/DqL7tRPdGZ4I1CjdF+EaMLmYxBHyXuKL849eucPFhvBoxMsflfOb8kxaeQ=="],

    "whatwg-url": ["whatwg-url@5.0.0", "", { "dependencies": { "tr46": "~0.0.3", "webidl-conversions": "^3.0.0" } }, "sha512-saE57nupxk6v3HY35+jzBwYa0rKSy0XR8JSxZPwgLr7ys0IBzhGviA1/TUGJLmSVqs8pb9AnvICXEuOHLprYTw=="],

    "wink-bm25-text-search": ["wink-bm25-text-search@3.1.2", "", { "dependencies": { "wink-eng-lite-web-model": "^1.4.3", "wink-helpers": "^2.0.0", "wink-nlp": "^1.12.2", "wink-nlp-utils": "^2.0.4" } }, "sha512-s+xY0v/yurUhiUop/XZnf9IvO9XVuwI14X+QTW0JqlmQCg+9ZgVXTMudXKqZuQVsnm5J+RjLnqrOflnD5BLApA=="],

    "wink-distance": ["wink-distance@2.0.2", "", { "dependencies": { "wink-helpers": "^2.0.0", "wink-jaro-distance": "^2.0.0" } }, "sha512-pyEhUB/OKFYcgOC4J6E+c+gwVA/8qg2s5n49mIcUsJZM5iDSa17uOxRQXR4rvfp+gbj55K/I08FwjFBwb6fq3g=="],

    "wink-eng-lite-web-model": ["wink-eng-lite-web-model@1.8.1", "", {}, "sha512-M2tSOU/rVNkDj8AS8IoKJaM7apJJjS0cN+hE8CPazfnB4A/ojyc9+7RMPk18UOiIdSyWk7MR6w8z9lWix2l5tA=="],

    "wink-helpers": ["wink-helpers@2.0.0", "", {}, "sha512-I/ZzXrHcNRXuoeFJmp2vMVqDI6UCK02Tds1WP4kSGAmx520gjL1BObVzF7d2ps24tyHIly9ngdB2jwhlFUjPvg=="],

    "wink-jaro-distance": ["wink-jaro-distance@2.0.0", "", {}, "sha512-9bcUaXCi9N8iYpGWbFkf83OsBkg17r4hEyxusEzl+nnReLRPqxhB9YNeRn3g54SYnVRNXP029lY3HDsbdxTAuA=="],

    "wink-nlp": ["wink-nlp@1.14.3", "", {}, "sha512-lvY5iCs3T8I34F8WKS70+2P0U9dWLn3vdPf/Z+m2VK14N7OmqnPzmHfh3moHdusajoQ37Em39z0IZB9K4x/96A=="],

    "wink-nlp-utils": ["wink-nlp-utils@2.1.0", "", { "dependencies": { "wink-distance": "^2.0.1", "wink-eng-lite-web-model": "^1.4.3", "wink-helpers": "^2.0.0", "wink-nlp": "^1.12.0", "wink-porter2-stemmer": "^2.0.1", "wink-tokenizer": "^5.2.3" } }, "sha512-b7PcRhEBNxQmsmht70jLOkwYUyie3da4/cgEXL+CumYO5b/nwV+W7fuMXToh5BtGq1RABznmc2TGTp1Qf/JUXg=="],

    "wink-porter2-stemmer": ["wink-porter2-stemmer@2.0.1", "", {}, "sha512-0g+RkkqhRXFmSpJQStVXW5N/WsshWpJXsoDRW7DwVkGI2uDT6IBCoq3xdH5p6IHLaC6ygk7RWUsUx4alKxoagQ=="],

    "wink-tokenizer": ["wink-tokenizer@5.3.0", "", { "dependencies": { "emoji-regex": "^9.0.0" } }, "sha512-O/yAw0g3FmSgeeQuYAJJfP7fVPB4A6ay0018qASh79aWmIOyPYy4j4r9EQT8xBjicja6lCLvgRVAybmEBaATQA=="],

    "zod": ["zod@3.25.76", "", {}, "sha512-gzUt/qt81nXsFGKIFcC3YnfEAx5NkunCfnDlvuBSSFS02bcXu4Lmea0AFIUwbLWxWPx3d9p8S5QoaujKcNQxcQ=="],
  }
}
